
Microsoft Visual Studio Solution File, Format Version 12.00
# Visual Studio Version 16
VisualStudioVersion = 16.0.29609.76
MinimumVisualStudioVersion = 10.0.40219.1
Project("{FAE04EC0-301F-11D3-BF4B-00C04F79EFBC}") = "ProyectoAcademia", "ProyectoAcademia\ProyectoAcademia.csproj", "{A2E90810-FF96-4C90-8183-81BDB8F00579}"
EndProject
Global
	GlobalSection(SolutionConfigurationPlatforms) = preSolution
		Debug|Any CPU = Debug|Any CPU
		Release|Any CPU = Release|Any CPU
	EndGlobalSection
	GlobalSection(ProjectConfigurationPlatforms) = postSolution
		{A2E90810-FF96-4C90-8183-81BDB8F00579}.Debug|Any CPU.ActiveCfg = Debug|Any CPU
		{A2E90810-FF96-4C90-8183-81BDB8F00579}.Debug|Any CPU.Build.0 = Debug|Any CPU
		{A2E90810-FF96-4C90-8183-81BDB8F00579}.Release|Any CPU.ActiveCfg = Release|Any CPU
		{A2E90810-FF96-4C90-8183-81BDB8F00579}.Release|Any CPU.Build.0 = Release|Any CPU
	EndGlobalSection
	GlobalSection(SolutionProperties) = preSolution
		HideSolutionNode = FALSE
	EndGlobalSection
	GlobalSection(ExtensibilityGlobals) = postSolution
		SolutionGuid = {AF557AEA-696B-4480-A94C-84ECA4ABEF01}
	EndGlobalSection
EndGlobal
